{
  "name": "tgelf",
  "version": "1.0.0",
  "lockfileVersion": 1,
  "requires": true,
  "dependencies": {
    "async": {
      "version": "2.6.3",
      "resolved": "https://registry.npmjs.org/async/-/async-2.6.3.tgz",
      "integrity": "sha512-zflvls11DCy+dQWzTW2dzuilv8Z5X/pjfmZOWba6TNIVDm+2UDaJmXSOXlasHKfNBs8oo3M0aT50fDEWfKZjXg==",
      "requires": {
        "lodash": "^4.17.14"
      }
    },
    "commander": {
      "version": "6.2.0",
      "resolved": "https://registry.npmjs.org/commander/-/commander-6.2.0.tgz",
      "integrity": "sha512-zP4jEKbe8SHzKJYQmq8Y9gYjtO/POJLgIdKgV7B9qNmABVFVc+ctqSX6iXh4mCpJfRBOabiZ2YKPg8ciDw6C+Q=="
    },
    "gelf": {
      "version": "2.0.1",
      "resolved": "https://registry.npmjs.org/gelf/-/gelf-2.0.1.tgz",
      "integrity": "sha512-77duTNPkUgcwFRl+kbmPx2YGMF4e030xBVVsKix5mruTAjuROW36WxmpVSk8MkiZC1D68JYNNb+kfJeZG/D5VQ==",
      "requires": {
        "async": "^2.5.0"
      }
    },
    "lodash": {
      "version": "4.17.20",
      "resolved": "https://registry.npmjs.org/lodash/-/lodash-4.17.20.tgz",
      "integrity": "sha512-PlhdFcillOINfeV7Ni6oF1TAEayyZBoZ8bcshTHqOYJYlrqzRK5hagpagky5o4HfCzzd1TRkXPMFq6cKk9rGmA=="
    },
    "tail": {
      "version": "2.0.4",
      "resolved": "https://registry.npmjs.org/tail/-/tail-2.0.4.tgz",
      "integrity": "sha512-xHkZdNWIzO++g+V/rHGqVoHd2LRxz+8t8bj6FGelfb8FHBjg5yjkX7Su/8sQSBo5alIspYkRp/fU0A2SM5h+5A=="
    }
  }
}
